
Microsoft Visual Studio Solution File, Format Version 12.00
# Visual Studio Version 16
VisualStudioVersion = 16.0.29609.76
MinimumVisualStudioVersion = 10.0.40219.1
Project("{9A19103F-16F7-4668-BE54-9A1E7A4F7556}") = "BackendApi", "BackendApi.csproj", "{8B72C509-231C-4779-8471-24A2573A746C}"
EndProject
Project("{9A19103F-16F7-4668-BE54-9A1E7A4F7556}") = "EventTasksBackgroundServices", "..\EventTasksBackgroundServices\EventTasksBackgroundServices.csproj", "{5C649A65-7D04-4521-B320-002F1FB0FA1D}"
EndProject
Global
	GlobalSection(SolutionConfigurationPlatforms) = preSolution
		Debug|Any CPU = Debug|Any CPU
		Release|Any CPU = Release|Any CPU
	EndGlobalSection
	GlobalSection(ProjectConfigurationPlatforms) = postSolution
		{8B72C509-231C-4779-8471-24A2573A746C}.Debug|Any CPU.ActiveCfg = Debug|Any CPU
		{8B72C509-231C-4779-8471-24A2573A746C}.Debug|Any CPU.Build.0 = Debug|Any CPU
		{8B72C509-231C-4779-8471-24A2573A746C}.Release|Any CPU.ActiveCfg = Release|Any CPU
		{8B72C509-231C-4779-8471-24A2573A746C}.Release|Any CPU.Build.0 = Release|Any CPU
		{5C649A65-7D04-4521-B320-002F1FB0FA1D}.Debug|Any CPU.ActiveCfg = Debug|Any CPU
		{5C649A65-7D04-4521-B320-002F1FB0FA1D}.Debug|Any CPU.Build.0 = Debug|Any CPU
		{5C649A65-7D04-4521-B320-002F1FB0FA1D}.Release|Any CPU.ActiveCfg = Release|Any CPU
		{5C649A65-7D04-4521-B320-002F1FB0FA1D}.Release|Any CPU.Build.0 = Release|Any CPU
	EndGlobalSection
	GlobalSection(SolutionProperties) = preSolution
		HideSolutionNode = FALSE
	EndGlobalSection
	GlobalSection(ExtensibilityGlobals) = postSolution
		SolutionGuid = {2936D4DA-B080-42D5-950B-631CC0A88031}
	EndGlobalSection
EndGlobal
